
Microsoft Visual Studio Solution File, Format Version 12.00
# Visual Studio Version 16
VisualStudioVersion = 16.0.30804.86
MinimumVisualStudioVersion = 10.0.40219.1
Project("{FAE04EC0-301F-11D3-BF4B-00C04F79EFBC}") = "yarins_task", "yarins_task\yarins_task.csproj", "{10D40AEC-632B-4385-96E2-4347387CEF54}"
EndProject
Global
	GlobalSection(SolutionConfigurationPlatforms) = preSolution
		Debug|Any CPU = Debug|Any CPU
		Release|Any CPU = Release|Any CPU
	EndGlobalSection
	GlobalSection(ProjectConfigurationPlatforms) = postSolution
		{10D40AEC-632B-4385-96E2-4347387CEF54}.Debug|Any CPU.ActiveCfg = Debug|Any CPU
		{10D40AEC-632B-4385-96E2-4347387CEF54}.Debug|Any CPU.Build.0 = Debug|Any CPU
		{10D40AEC-632B-4385-96E2-4347387CEF54}.Release|Any CPU.ActiveCfg = Release|Any CPU
		{10D40AEC-632B-4385-96E2-4347387CEF54}.Release|Any CPU.Build.0 = Release|Any CPU
	EndGlobalSection
	GlobalSection(SolutionProperties) = preSolution
		HideSolutionNode = FALSE
	EndGlobalSection
	GlobalSection(ExtensibilityGlobals) = postSolution
		SolutionGuid = {B82A21B8-0B72-412E-A00E-9D41ECCE69B4}
	EndGlobalSection
EndGlobal
